
Microsoft Visual Studio Solution File, Format Version 12.00
# Visual Studio 15
VisualStudioVersion = 15.0.27428.2027
MinimumVisualStudioVersion = 10.0.40219.1
Project("{2150E333-8FDC-42A3-9474-1A3956D46DE8}") = "Solution Files", "Solution Files", "{DE19856C-B524-4D8C-8CED-B69A96127EB5}"
	ProjectSection(SolutionItems) = preProject
		.gitignore = .gitignore
		PostageApp.nuspec = PostageApp.nuspec
		README.md = README.md
	EndProjectSection
EndProject
Project("{2150E333-8FDC-42A3-9474-1A3956D46DE8}") = "Test", "Test", "{F7E8684F-72ED-4D15-81CD-682EA5428DEE}"
EndProject
Project("{9A19103F-16F7-4668-BE54-9A1E7A4F7556}") = "TWG.PostageApp", "TWG.PostageApp\TWG.PostageApp.csproj", "{F2F2FF3C-697A-4A30-BF34-44E74777D73C}"
EndProject
Project("{9A19103F-16F7-4668-BE54-9A1E7A4F7556}") = "TWG.PostageApp.Tests", "TWG.PostageApp.Tests\TWG.PostageApp.Tests.csproj", "{647BA7D2-BA12-4680-ABCF-E24A609FEE0C}"
EndProject
Global
	GlobalSection(SolutionConfigurationPlatforms) = preSolution
		Debug|Any CPU = Debug|Any CPU
		Release|Any CPU = Release|Any CPU
	EndGlobalSection
	GlobalSection(ProjectConfigurationPlatforms) = postSolution
		{F2F2FF3C-697A-4A30-BF34-44E74777D73C}.Debug|Any CPU.ActiveCfg = Debug|Any CPU
		{F2F2FF3C-697A-4A30-BF34-44E74777D73C}.Debug|Any CPU.Build.0 = Debug|Any CPU
		{F2F2FF3C-697A-4A30-BF34-44E74777D73C}.Release|Any CPU.ActiveCfg = Release|Any CPU
		{F2F2FF3C-697A-4A30-BF34-44E74777D73C}.Release|Any CPU.Build.0 = Release|Any CPU
		{647BA7D2-BA12-4680-ABCF-E24A609FEE0C}.Debug|Any CPU.ActiveCfg = Debug|Any CPU
		{647BA7D2-BA12-4680-ABCF-E24A609FEE0C}.Debug|Any CPU.Build.0 = Debug|Any CPU
		{647BA7D2-BA12-4680-ABCF-E24A609FEE0C}.Release|Any CPU.ActiveCfg = Release|Any CPU
		{647BA7D2-BA12-4680-ABCF-E24A609FEE0C}.Release|Any CPU.Build.0 = Release|Any CPU
	EndGlobalSection
	GlobalSection(SolutionProperties) = preSolution
		HideSolutionNode = FALSE
	EndGlobalSection
	GlobalSection(NestedProjects) = preSolution
		{647BA7D2-BA12-4680-ABCF-E24A609FEE0C} = {F7E8684F-72ED-4D15-81CD-682EA5428DEE}
	EndGlobalSection
	GlobalSection(ExtensibilityGlobals) = postSolution
		SolutionGuid = {EE12AD38-EF9F-43EA-BAF9-99DFCBA299A1}
	EndGlobalSection
EndGlobal
